
Microsoft Visual Studio Solution File, Format Version 12.00
# Visual Studio Version 16
VisualStudioVersion = 16.0.32901.82
MinimumVisualStudioVersion = 10.0.40219.1
Project("{FAE04EC0-301F-11D3-BF4B-00C04F79EFBC}") = "Exercice_C_sharp", "Exercice_C_sharp\Exercice_C_sharp.csproj", "{8BDCA334-1BA7-45E0-8024-B91FA1FC8BA9}"
EndProject
Project("{FAE04EC0-301F-11D3-BF4B-00C04F79EFBC}") = "Percolation", "Percolation\Percolation.csproj", "{F904EF86-E542-438B-B5C7-52478A7D8E88}"
EndProject
Project("{FAE04EC0-301F-11D3-BF4B-00C04F79EFBC}") = "Projet_Bancaire", "Projet_Bancaire\Projet_Bancaire.csproj", "{15FB58B2-7036-4B89-B689-612F0B026359}"
EndProject
Project("{FAE04EC0-301F-11D3-BF4B-00C04F79EFBC}") = "Projet_banque_II", "Projet_banque_II\Projet_banque_II.csproj", "{EC8AE420-8E99-4988-BF4A-EF46D1905B64}"
EndProject
Project("{FAE04EC0-301F-11D3-BF4B-00C04F79EFBC}") = "Projet_banque_III", "Projet_banque_III\Projet_banque_III.csproj", "{B5625F7C-9ABF-4B07-8883-D35D7CB5A137}"
EndProject
Global
	GlobalSection(SolutionConfigurationPlatforms) = preSolution
		Debug|Any CPU = Debug|Any CPU
		Release|Any CPU = Release|Any CPU
	EndGlobalSection
	GlobalSection(ProjectConfigurationPlatforms) = postSolution
		{8BDCA334-1BA7-45E0-8024-B91FA1FC8BA9}.Debug|Any CPU.ActiveCfg = Debug|Any CPU
		{8BDCA334-1BA7-45E0-8024-B91FA1FC8BA9}.Debug|Any CPU.Build.0 = Debug|Any CPU
		{8BDCA334-1BA7-45E0-8024-B91FA1FC8BA9}.Release|Any CPU.ActiveCfg = Release|Any CPU
		{8BDCA334-1BA7-45E0-8024-B91FA1FC8BA9}.Release|Any CPU.Build.0 = Release|Any CPU
		{F904EF86-E542-438B-B5C7-52478A7D8E88}.Debug|Any CPU.ActiveCfg = Debug|Any CPU
		{F904EF86-E542-438B-B5C7-52478A7D8E88}.Debug|Any CPU.Build.0 = Debug|Any CPU
		{F904EF86-E542-438B-B5C7-52478A7D8E88}.Release|Any CPU.ActiveCfg = Release|Any CPU
		{F904EF86-E542-438B-B5C7-52478A7D8E88}.Release|Any CPU.Build.0 = Release|Any CPU
		{15FB58B2-7036-4B89-B689-612F0B026359}.Debug|Any CPU.ActiveCfg = Debug|Any CPU
		{15FB58B2-7036-4B89-B689-612F0B026359}.Debug|Any CPU.Build.0 = Debug|Any CPU
		{15FB58B2-7036-4B89-B689-612F0B026359}.Release|Any CPU.ActiveCfg = Release|Any CPU
		{15FB58B2-7036-4B89-B689-612F0B026359}.Release|Any CPU.Build.0 = Release|Any CPU
		{EC8AE420-8E99-4988-BF4A-EF46D1905B64}.Debug|Any CPU.ActiveCfg = Debug|Any CPU
		{EC8AE420-8E99-4988-BF4A-EF46D1905B64}.Debug|Any CPU.Build.0 = Debug|Any CPU
		{EC8AE420-8E99-4988-BF4A-EF46D1905B64}.Release|Any CPU.ActiveCfg = Release|Any CPU
		{EC8AE420-8E99-4988-BF4A-EF46D1905B64}.Release|Any CPU.Build.0 = Release|Any CPU
		{B5625F7C-9ABF-4B07-8883-D35D7CB5A137}.Debug|Any CPU.ActiveCfg = Debug|Any CPU
		{B5625F7C-9ABF-4B07-8883-D35D7CB5A137}.Debug|Any CPU.Build.0 = Debug|Any CPU
		{B5625F7C-9ABF-4B07-8883-D35D7CB5A137}.Release|Any CPU.ActiveCfg = Release|Any CPU
		{B5625F7C-9ABF-4B07-8883-D35D7CB5A137}.Release|Any CPU.Build.0 = Release|Any CPU
	EndGlobalSection
	GlobalSection(SolutionProperties) = preSolution
		HideSolutionNode = FALSE
	EndGlobalSection
	GlobalSection(ExtensibilityGlobals) = postSolution
		SolutionGuid = {0C3E3F4E-B9AF-4BF5-BA30-FCFDDB859903}
	EndGlobalSection
EndGlobal
